// !$*UTF8*$!
{
	archiveVersion = 1;
	classes = {
	};
	objectVersion = 50;
	objects = {

/* Begin PBXBuildFile section */
		84687C0C2528AC5F00AD4B84 /* AppDelegate.swift in Sources */ = {isa = PBXBuildFile; fileRef = 84687C0B2528AC5F00AD4B84 /* AppDelegate.swift */; };
		84687C0E2528AC5F00AD4B84 /* SceneDelegate.swift in Sources */ = {isa = PBXBuildFile; fileRef = 84687C0D2528AC5F00AD4B84 /* SceneDelegate.swift */; };
		84687C102528AC5F00AD4B84 /* ContentView.swift in Sources */ = {isa = PBXBuildFile; fileRef = 84687C0F2528AC5F00AD4B84 /* ContentView.swift */; };
		84687C122528AC6A00AD4B84 /* Assets.xcassets in Resources */ = {isa = PBXBuildFile; fileRef = 84687C112528AC6A00AD4B84 /* Assets.xcassets */; };
		84687C152528AC6A00AD4B84 /* Preview Assets.xcassets in Resources */ = {isa = PBXBuildFile; fileRef = 84687C142528AC6A00AD4B84 /* Preview Assets.xcassets */; };
		84687C182528AC6A00AD4B84 /* LaunchScreen.storyboard in Resources */ = {isa = PBXBuildFile; fileRef = 84687C162528AC6A00AD4B84 /* LaunchScreen.storyboard */; };
		84687C242528B4BF00AD4B84 /* shop.json in Resources */ = {isa = PBXBuildFile; fileRef = 84687C232528B4BF00AD4B84 /* shop.json */; };
		84687C262528BD0900AD4B84 /* AppData.swift in Sources */ = {isa = PBXBuildFile; fileRef = 84687C252528BD0900AD4B84 /* AppData.swift */; };
		84687C28252997FF00AD4B84 /* ShopCategoryList.swift in Sources */ = {isa = PBXBuildFile; fileRef = 84687C27252997FE00AD4B84 /* ShopCategoryList.swift */; };
		84687C2A25299E8100AD4B84 /* ShopProduct.swift in Sources */ = {isa = PBXBuildFile; fileRef = 84687C2925299E8100AD4B84 /* ShopProduct.swift */; };
		84687C3F2529B16C00AD4B84 /* Grid+Inits.swift in Sources */ = {isa = PBXBuildFile; fileRef = 84687C2D2529B16B00AD4B84 /* Grid+Inits.swift */; };
		84687C402529B16C00AD4B84 /* StaggeredGridStyle.swift in Sources */ = {isa = PBXBuildFile; fileRef = 84687C2F2529B16B00AD4B84 /* StaggeredGridStyle.swift */; };
		84687C412529B16C00AD4B84 /* Tracks.swift in Sources */ = {isa = PBXBuildFile; fileRef = 84687C312529B16B00AD4B84 /* Tracks.swift */; };
		84687C422529B16C00AD4B84 /* LayoutMath.swift in Sources */ = {isa = PBXBuildFile; fileRef = 84687C322529B16B00AD4B84 /* LayoutMath.swift */; };
		84687C432529B16C00AD4B84 /* GridStyle.swift in Sources */ = {isa = PBXBuildFile; fileRef = 84687C342529B16B00AD4B84 /* GridStyle.swift */; };
		84687C442529B16C00AD4B84 /* GridPreferencesKey.swift in Sources */ = {isa = PBXBuildFile; fileRef = 84687C352529B16B00AD4B84 /* GridPreferencesKey.swift */; };
		84687C452529B16C00AD4B84 /* View+GridStyle.swift in Sources */ = {isa = PBXBuildFile; fileRef = 84687C362529B16B00AD4B84 /* View+GridStyle.swift */; };
		84687C462529B16C00AD4B84 /* GridStyleKey.swift in Sources */ = {isa = PBXBuildFile; fileRef = 84687C372529B16B00AD4B84 /* GridStyleKey.swift */; };
		84687C472529B16C00AD4B84 /* GridPreferences.swift in Sources */ = {isa = PBXBuildFile; fileRef = 84687C382529B16B00AD4B84 /* GridPreferences.swift */; };
		84687C482529B16C00AD4B84 /* GridPreferencesModifier.swift in Sources */ = {isa = PBXBuildFile; fileRef = 84687C392529B16B00AD4B84 /* GridPreferencesModifier.swift */; };
		84687C492529B16C00AD4B84 /* EnvironmentValues+GridStyle.swift in Sources */ = {isa = PBXBuildFile; fileRef = 84687C3A2529B16B00AD4B84 /* EnvironmentValues+GridStyle.swift */; };
		84687C4A2529B16C00AD4B84 /* GridItemBoundsPreferencesKey.swift in Sources */ = {isa = PBXBuildFile; fileRef = 84687C3B2529B16B00AD4B84 /* GridItemBoundsPreferencesKey.swift */; };
		84687C4B2529B16C00AD4B84 /* ModularGridStyle.swift in Sources */ = {isa = PBXBuildFile; fileRef = 84687C3C2529B16B00AD4B84 /* ModularGridStyle.swift */; };
		84687C4C2529B16C00AD4B84 /* GridItem.swift in Sources */ = {isa = PBXBuildFile; fileRef = 84687C3D2529B16B00AD4B84 /* GridItem.swift */; };
		84687C4D2529B16C00AD4B84 /* Grid.swift in Sources */ = {isa = PBXBuildFile; fileRef = 84687C3E2529B16B00AD4B84 /* Grid.swift */; };
		849EF13325330F3900549FA5 /* Explore.swift in Sources */ = {isa = PBXBuildFile; fileRef = 849EF13225330F3900549FA5 /* Explore.swift */; };
/* End PBXBuildFile section */

/* Begin PBXFileReference section */
		84687C082528AC5F00AD4B84 /* Shop.app */ = {isa = PBXFileReference; explicitFileType = wrapper.application; includeInIndex = 0; path = Shop.app; sourceTree = BUILT_PRODUCTS_DIR; };
		84687C0B2528AC5F00AD4B84 /* AppDelegate.swift */ = {isa = PBXFileReference; lastKnownFileType = sourcecode.swift; path = AppDelegate.swift; sourceTree = "<group>"; };
		84687C0D2528AC5F00AD4B84 /* SceneDelegate.swift */ = {isa = PBXFileReference; lastKnownFileType = sourcecode.swift; path = SceneDelegate.swift; sourceTree = "<group>"; };
		84687C0F2528AC5F00AD4B84 /* ContentView.swift */ = {isa = PBXFileReference; lastKnownFileType = sourcecode.swift; path = ContentView.swift; sourceTree = "<group>"; };
		84687C112528AC6A00AD4B84 /* Assets.xcassets */ = {isa = PBXFileReference; lastKnownFileType = folder.assetcatalog; path = Assets.xcassets; sourceTree = "<group>"; };
		84687C142528AC6A00AD4B84 /* Preview Assets.xcassets */ = {isa = PBXFileReference; lastKnownFileType = folder.assetcatalog; path = "Preview Assets.xcassets"; sourceTree = "<group>"; };
		84687C172528AC6A00AD4B84 /* Base */ = {isa = PBXFileReference; lastKnownFileType = file.storyboard; name = Base; path = Base.lproj/LaunchScreen.storyboard; sourceTree = "<group>"; };
		84687C192528AC6B00AD4B84 /* Info.plist */ = {isa = PBXFileReference; lastKnownFileType = text.plist.xml; path = Info.plist; sourceTree = "<group>"; };
		84687C232528B4BF00AD4B84 /* shop.json */ = {isa = PBXFileReference; lastKnownFileType = text.json; path = shop.json; sourceTree = "<group>"; };
		84687C252528BD0900AD4B84 /* AppData.swift */ = {isa = PBXFileReference; lastKnownFileType = sourcecode.swift; path = AppData.swift; sourceTree = "<group>"; };
		84687C27252997FE00AD4B84 /* ShopCategoryList.swift */ = {isa = PBXFileReference; lastKnownFileType = sourcecode.swift; path = ShopCategoryList.swift; sourceTree = "<group>"; };
		84687C2925299E8100AD4B84 /* ShopProduct.swift */ = {isa = PBXFileReference; lastKnownFileType = sourcecode.swift; path = ShopProduct.swift; sourceTree = "<group>"; };
		84687C2D2529B16B00AD4B84 /* Grid+Inits.swift */ = {isa = PBXFileReference; fileEncoding = 4; lastKnownFileType = sourcecode.swift; path = "Grid+Inits.swift"; sourceTree = "<group>"; };
		84687C2F2529B16B00AD4B84 /* StaggeredGridStyle.swift */ = {isa = PBXFileReference; fileEncoding = 4; lastKnownFileType = sourcecode.swift; path = StaggeredGridStyle.swift; sourceTree = "<group>"; };
		84687C312529B16B00AD4B84 /* Tracks.swift */ = {isa = PBXFileReference; fileEncoding = 4; lastKnownFileType = sourcecode.swift; path = Tracks.swift; sourceTree = "<group>"; };
		84687C322529B16B00AD4B84 /* LayoutMath.swift */ = {isa = PBXFileReference; fileEncoding = 4; lastKnownFileType = sourcecode.swift; path = LayoutMath.swift; sourceTree = "<group>"; };
		84687C342529B16B00AD4B84 /* GridStyle.swift */ = {isa = PBXFileReference; fileEncoding = 4; lastKnownFileType = sourcecode.swift; path = GridStyle.swift; sourceTree = "<group>"; };
		84687C352529B16B00AD4B84 /* GridPreferencesKey.swift */ = {isa = PBXFileReference; fileEncoding = 4; lastKnownFileType = sourcecode.swift; path = GridPreferencesKey.swift; sourceTree = "<group>"; };
		84687C362529B16B00AD4B84 /* View+GridStyle.swift */ = {isa = PBXFileReference; fileEncoding = 4; lastKnownFileType = sourcecode.swift; path = "View+GridStyle.swift"; sourceTree = "<group>"; };
		84687C372529B16B00AD4B84 /* GridStyleKey.swift */ = {isa = PBXFileReference; fileEncoding = 4; lastKnownFileType = sourcecode.swift; path = GridStyleKey.swift; sourceTree = "<group>"; };
		84687C382529B16B00AD4B84 /* GridPreferences.swift */ = {isa = PBXFileReference; fileEncoding = 4; lastKnownFileType = sourcecode.swift; path = GridPreferences.swift; sourceTree = "<group>"; };
		84687C392529B16B00AD4B84 /* GridPreferencesModifier.swift */ = {isa = PBXFileReference; fileEncoding = 4; lastKnownFileType = sourcecode.swift; path = GridPreferencesModifier.swift; sourceTree = "<group>"; };
		84687C3A2529B16B00AD4B84 /* EnvironmentValues+GridStyle.swift */ = {isa = PBXFileReference; fileEncoding = 4; lastKnownFileType = sourcecode.swift; path = "EnvironmentValues+GridStyle.swift"; sourceTree = "<group>"; };
		84687C3B2529B16B00AD4B84 /* GridItemBoundsPreferencesKey.swift */ = {isa = PBXFileReference; fileEncoding = 4; lastKnownFileType = sourcecode.swift; path = GridItemBoundsPreferencesKey.swift; sourceTree = "<group>"; };
		84687C3C2529B16B00AD4B84 /* ModularGridStyle.swift */ = {isa = PBXFileReference; fileEncoding = 4; lastKnownFileType = sourcecode.swift; path = ModularGridStyle.swift; sourceTree = "<group>"; };
		84687C3D2529B16B00AD4B84 /* GridItem.swift */ = {isa = PBXFileReference; fileEncoding = 4; lastKnownFileType = sourcecode.swift; path = GridItem.swift; sourceTree = "<group>"; };
		84687C3E2529B16B00AD4B84 /* Grid.swift */ = {isa = PBXFileReference; fileEncoding = 4; lastKnownFileType = sourcecode.swift; path = Grid.swift; sourceTree = "<group>"; };
		849EF13225330F3900549FA5 /* Explore.swift */ = {isa = PBXFileReference; lastKnownFileType = sourcecode.swift; path = Explore.swift; sourceTree = "<group>"; };
/* End PBXFileReference section */

/* Begin PBXFrameworksBuildPhase section */
		84687C052528AC5F00AD4B84 /* Frameworks */ = {
			isa = PBXFrameworksBuildPhase;
			buildActionMask = 2147483647;
			files = (
			);
			runOnlyForDeploymentPostprocessing = 0;
		};
/* End PBXFrameworksBuildPhase section */

/* Begin PBXGroup section */
		84687BFF2528AC5F00AD4B84 = {
			isa = PBXGroup;
			children = (
				84687C0A2528AC5F00AD4B84 /* Shop */,
				84687C092528AC5F00AD4B84 /* Products */,
			);
			sourceTree = "<group>";
		};
		84687C092528AC5F00AD4B84 /* Products */ = {
			isa = PBXGroup;
			children = (
				84687C082528AC5F00AD4B84 /* Shop.app */,
			);
			name = Products;
			sourceTree = "<group>";
		};
		84687C0A2528AC5F00AD4B84 /* Shop */ = {
			isa = PBXGroup;
			children = (
				84687C2B2529B16B00AD4B84 /* Sources */,
				84687C222528B0BB00AD4B84 /* Resources */,
				84687C212528B07000AD4B84 /* Screens */,
				84687C202528B05D00AD4B84 /* Supporting Views */,
				84687C1F2528B04E00AD4B84 /* Models */,
				84687C0B2528AC5F00AD4B84 /* AppDelegate.swift */,
				84687C0D2528AC5F00AD4B84 /* SceneDelegate.swift */,
				84687C0F2528AC5F00AD4B84 /* ContentView.swift */,
				84687C112528AC6A00AD4B84 /* Assets.xcassets */,
				84687C162528AC6A00AD4B84 /* LaunchScreen.storyboard */,
				84687C192528AC6B00AD4B84 /* Info.plist */,
				84687C132528AC6A00AD4B84 /* Preview Content */,
			);
			path = Shop;
			sourceTree = "<group>";
		};
		84687C132528AC6A00AD4B84 /* Preview Content */ = {
			isa = PBXGroup;
			children = (
				84687C142528AC6A00AD4B84 /* Preview Assets.xcassets */,
			);
			path = "Preview Content";
			sourceTree = "<group>";
		};
		84687C1F2528B04E00AD4B84 /* Models */ = {
			isa = PBXGroup;
			children = (
				84687C252528BD0900AD4B84 /* AppData.swift */,
			);
			path = Models;
			sourceTree = "<group>";
		};
		84687C202528B05D00AD4B84 /* Supporting Views */ = {
			isa = PBXGroup;
			children = (
				84687C2925299E8100AD4B84 /* ShopProduct.swift */,
				847E658F252DA06A00B7141F /* ShopProduct2.swift */,
			);
			path = "Supporting Views";
			sourceTree = "<group>";
		};
		84687C212528B07000AD4B84 /* Screens */ = {
			isa = PBXGroup;
			children = (
				84687C27252997FE00AD4B84 /* ShopCategoryList.swift */,
				849EF13225330F3900549FA5 /* Explore.swift */,
			);
			path = Screens;
			sourceTree = "<group>";
		};
		84687C222528B0BB00AD4B84 /* Resources */ = {
			isa = PBXGroup;
			children = (
				84687C232528B4BF00AD4B84 /* shop.json */,
			);
			path = Resources;
			sourceTree = "<group>";
		};
		84687C2B2529B16B00AD4B84 /* Sources */ = {
			isa = PBXGroup;
			children = (
				84687C2C2529B16B00AD4B84 /* Grid */,
			);
			path = Sources;
			sourceTree = "<group>";
		};
		84687C2C2529B16B00AD4B84 /* Grid */ = {
			isa = PBXGroup;
			children = (
				84687C2D2529B16B00AD4B84 /* Grid+Inits.swift */,
				84687C2E2529B16B00AD4B84 /* Styles */,
				84687C3D2529B16B00AD4B84 /* GridItem.swift */,
				84687C3E2529B16B00AD4B84 /* Grid.swift */,
			);
			path = Grid;
			sourceTree = "<group>";
		};
		84687C2E2529B16B00AD4B84 /* Styles */ = {
			isa = PBXGroup;
			children = (
				84687C2F2529B16B00AD4B84 /* StaggeredGridStyle.swift */,
				84687C302529B16B00AD4B84 /* Layout */,
				84687C332529B16B00AD4B84 /* Style */,
				84687C3C2529B16B00AD4B84 /* ModularGridStyle.swift */,
			);
			path = Styles;
			sourceTree = "<group>";
		};
		84687C302529B16B00AD4B84 /* Layout */ = {
			isa = PBXGroup;
			children = (
				84687C312529B16B00AD4B84 /* Tracks.swift */,
				84687C322529B16B00AD4B84 /* LayoutMath.swift */,
			);
			path = Layout;
			sourceTree = "<group>";
		};
		84687C332529B16B00AD4B84 /* Style */ = {
			isa = PBXGroup;
			children = (
				84687C342529B16B00AD4B84 /* GridStyle.swift */,
				84687C352529B16B00AD4B84 /* GridPreferencesKey.swift */,
				84687C362529B16B00AD4B84 /* View+GridStyle.swift */,
				84687C372529B16B00AD4B84 /* GridStyleKey.swift */,
				84687C382529B16B00AD4B84 /* GridPreferences.swift */,
				84687C392529B16B00AD4B84 /* GridPreferencesModifier.swift */,
				84687C3A2529B16B00AD4B84 /* EnvironmentValues+GridStyle.swift */,
				84687C3B2529B16B00AD4B84 /* GridItemBoundsPreferencesKey.swift */,
			);
			path = Style;
			sourceTree = "<group>";
		};
/* End PBXGroup section */

/* Begin PBXNativeTarget section */
		84687C072528AC5F00AD4B84 /* Shop */ = {
			isa = PBXNativeTarget;
			buildConfigurationList = 84687C1C2528AC6B00AD4B84 /* Build configuration list for PBXNativeTarget "Shop" */;
			buildPhases = (
				84687C042528AC5F00AD4B84 /* Sources */,
				84687C052528AC5F00AD4B84 /* Frameworks */,
				84687C062528AC5F00AD4B84 /* Resources */,
			);
			buildRules = (
			);
			dependencies = (
			);
			name = Shop;
			productName = Shop;
			productReference = 84687C082528AC5F00AD4B84 /* Shop.app */;
			productType = "com.apple.product-type.application";
		};
/* End PBXNativeTarget section */

/* Begin PBXProject section */
		84687C002528AC5F00AD4B84 /* Project object */ = {
			isa = PBXProject;
			attributes = {
				LastSwiftUpdateCheck = 1160;
				LastUpgradeCheck = 1160;
				ORGANIZATIONNAME = "rapid interactive";
				TargetAttributes = {
					84687C072528AC5F00AD4B84 = {
						CreatedOnToolsVersion = 11.6;
					};
				};
			};
			buildConfigurationList = 84687C032528AC5F00AD4B84 /* Build configuration list for PBXProject "Shop" */;
			compatibilityVersion = "Xcode 9.3";
			developmentRegion = en;
			hasScannedForEncodings = 0;
			knownRegions = (
				en,
				Base,
			);
			mainGroup = 84687BFF2528AC5F00AD4B84;
			productRefGroup = 84687C092528AC5F00AD4B84 /* Products */;
			projectDirPath = "";
			projectRoot = "";
			targets = (
				84687C072528AC5F00AD4B84 /* Shop */,
			);
		};
/* End PBXProject section */

/* Begin PBXResourcesBuildPhase section */
		84687C062528AC5F00AD4B84 /* Resources */ = {
			isa = PBXResourcesBuildPhase;
			buildActionMask = 2147483647;
			files = (
				84687C182528AC6A00AD4B84 /* LaunchScreen.storyboard in Resources */,
				84687C152528AC6A00AD4B84 /* Preview Assets.xcassets in Resources */,
				84687C122528AC6A00AD4B84 /* Assets.xcassets in Resources */,
				84687C242528B4BF00AD4B84 /* shop.json in Resources */,
			);
			runOnlyForDeploymentPostprocessing = 0;
		};
/* End PBXResourcesBuildPhase section */

/* Begin PBXSourcesBuildPhase section */
		84687C042528AC5F00AD4B84 /* Sources */ = {
			isa = PBXSourcesBuildPhase;
			buildActionMask = 2147483647;
			files = (
				84687C442529B16C00AD4B84 /* GridPreferencesKey.swift in Sources */,
				84687C402529B16C00AD4B84 /* StaggeredGridStyle.swift in Sources */,
				84687C4C2529B16C00AD4B84 /* GridItem.swift in Sources */,
				849EF13325330F3900549FA5 /* Explore.swift in Sources */,
				84687C4A2529B16C00AD4B84 /* GridItemBoundsPreferencesKey.swift in Sources */,
				84687C422529B16C00AD4B84 /* LayoutMath.swift in Sources */,
				84687C4D2529B16C00AD4B84 /* Grid.swift in Sources */,
				84687C0C2528AC5F00AD4B84 /* AppDelegate.swift in Sources */,
				84687C0E2528AC5F00AD4B84 /* SceneDelegate.swift in Sources */,
				84687C452529B16C00AD4B84 /* View+GridStyle.swift in Sources */,
				84687C102528AC5F00AD4B84 /* ContentView.swift in Sources */,
				84687C462529B16C00AD4B84 /* GridStyleKey.swift in Sources */,
				84687C28252997FF00AD4B84 /* ShopCategoryList.swift in Sources */,
				84687C3F2529B16C00AD4B84 /* Grid+Inits.swift in Sources */,
				84687C412529B16C00AD4B84 /* Tracks.swift in Sources */,
				84687C262528BD0900AD4B84 /* AppData.swift in Sources */,
				84687C492529B16C00AD4B84 /* EnvironmentValues+GridStyle.swift in Sources */,
				84687C472529B16C00AD4B84 /* GridPreferences.swift in Sources */,
				84687C2A25299E8100AD4B84 /* ShopProduct.swift in Sources */,
				847E6590252DA06A00B7141F /* ShopProduct2.swift in Sources */,
				84687C4B2529B16C00AD4B84 /* ModularGridStyle.swift in Sources */,
				84687C432529B16C00AD4B84 /* GridStyle.swift in Sources */,
				84687C482529B16C00AD4B84 /* GridPreferencesModifier.swift in Sources */,
			);
			runOnlyForDeploymentPostprocessing = 0;
		};
/* End PBXSourcesBuildPhase section */

/* Begin PBXVariantGroup section */
		84687C162528AC6A00AD4B84 /* LaunchScreen.storyboard */ = {
			isa = PBXVariantGroup;
			children = (
				84687C172528AC6A00AD4B84 /* Base */,
			);
			name = LaunchScreen.storyboard;
			sourceTree = "<group>";
		};
/* End PBXVariantGroup section */

/* Begin XCBuildConfiguration section */
		84687C1A2528AC6B00AD4B84 /* Debug */ = {
			isa = XCBuildConfiguration;
			buildSettings = {
				ALWAYS_SEARCH_USER_PATHS = NO;
				CLANG_ANALYZER_NONNULL = YES;
				CLANG_ANALYZER_NUMBER_OBJECT_CONVERSION = YES_AGGRESSIVE;
				CLANG_CXX_LANGUAGE_STANDARD = "gnu++14";
				CLANG_CXX_LIBRARY = "libc++";
				CLANG_ENABLE_MODULES = YES;
				CLANG_ENABLE_OBJC_ARC = YES;
				CLANG_ENABLE_OBJC_WEAK = YES;
				CLANG_WARN_BLOCK_CAPTURE_AUTORELEASING = YES;
				CLANG_WARN_BOOL_CONVERSION = YES;
				CLANG_WARN_COMMA = YES;
				CLANG_WARN_CONSTANT_CONVERSION = YES;
				CLANG_WARN_DEPRECATED_OBJC_IMPLEMENTATIONS = YES;
				CLANG_WARN_DIRECT_OBJC_ISA_USAGE = YES_ERROR;
				CLANG_WARN_DOCUMENTATION_COMMENTS = YES;
				CLANG_WARN_EMPTY_BODY = YES;
				CLANG_WARN_ENUM_CONVERSION = YES;
				CLANG_WARN_INFINITE_RECURSION = YES;
				CLANG_WARN_INT_CONVERSION = YES;
				CLANG_WARN_NON_LITERAL_NULL_CONVERSION = YES;
				CLANG_WARN_OBJC_IMPLICIT_RETAIN_SELF = YES;
				CLANG_WARN_OBJC_LITERAL_CONVERSION = YES;
				CLANG_WARN_OBJC_ROOT_CLASS = YES_ERROR;
				CLANG_WARN_RANGE_LOOP_ANALYSIS = YES;
				CLANG_WARN_STRICT_PROTOTYPES = YES;
				CLANG_WARN_SUSPICIOUS_MOVE = YES;
				CLANG_WARN_UNGUARDED_AVAILABILITY = YES_AGGRESSIVE;
				CLANG_WARN_UNREACHABLE_CODE = YES;
				CLANG_WARN__DUPLICATE_METHOD_MATCH = YES;
				COPY_PHASE_STRIP = NO;
				DEBUG_INFORMATION_FORMAT = dwarf;
				ENABLE_STRICT_OBJC_MSGSEND = YES;
				ENABLE_TESTABILITY = YES;
				GCC_C_LANGUAGE_STANDARD = gnu11;
				GCC_DYNAMIC_NO_PIC = NO;
				GCC_NO_COMMON_BLOCKS = YES;
				GCC_OPTIMIZATION_LEVEL = 0;
				GCC_PREPROCESSOR_DEFINITIONS = (
					"DEBUG=1",
					"$(inherited)",
				);
				GCC_WARN_64_TO_32_BIT_CONVERSION = YES;
				GCC_WARN_ABOUT_RETURN_TYPE = YES_ERROR;
				GCC_WARN_UNDECLARED_SELECTOR = YES;
				GCC_WARN_UNINITIALIZED_AUTOS = YES_AGGRESSIVE;
				GCC_WARN_UNUSED_FUNCTION = YES;
				GCC_WARN_UNUSED_VARIABLE = YES;
				IPHONEOS_DEPLOYMENT_TARGET = 13.6;
				MTL_ENABLE_DEBUG_INFO = INCLUDE_SOURCE;
				MTL_FAST_MATH = YES;
				ONLY_ACTIVE_ARCH = YES;
				SDKROOT = iphoneos;
				SWIFT_ACTIVE_COMPILATION_CONDITIONS = DEBUG;
				SWIFT_OPTIMIZATION_LEVEL = "-Onone";
			};
			name = Debug;
		};
		84687C1B2528AC6B00AD4B84 /* Release */ = {
			isa = XCBuildConfiguration;
			buildSettings = {
				ALWAYS_SEARCH_USER_PATHS = NO;
				CLANG_ANALYZER_NONNULL = YES;
				CLANG_ANALYZER_NUMBER_OBJECT_CONVERSION = YES_AGGRESSIVE;
				CLANG_CXX_LANGUAGE_STANDARD = "gnu++14";
				CLANG_CXX_LIBRARY = "libc++";
				CLANG_ENABLE_MODULES = YES;
				CLANG_ENABLE_OBJC_ARC = YES;
				CLANG_ENABLE_OBJC_WEAK = YES;
				CLANG_WARN_BLOCK_CAPTURE_AUTORELEASING = YES;
				CLANG_WARN_BOOL_CONVERSION = YES;
				CLANG_WARN_COMMA = YES;
				CLANG_WARN_CONSTANT_CONVERSION = YES;
				CLANG_WARN_DEPRECATED_OBJC_IMPLEMENTATIONS = YES;
				CLANG_WARN_DIRECT_OBJC_ISA_USAGE = YES_ERROR;
				CLANG_WARN_DOCUMENTATION_COMMENTS = YES;
				CLANG_WARN_EMPTY_BODY = YES;
				CLANG_WARN_ENUM_CONVERSION = YES;
				CLANG_WARN_INFINITE_RECURSION = YES;
				CLANG_WARN_INT_CONVERSION = YES;
				CLANG_WARN_NON_LITERAL_NULL_CONVERSION = YES;
				CLANG_WARN_OBJC_IMPLICIT_RETAIN_SELF = YES;
				CLANG_WARN_OBJC_LITERAL_CONVERSION = YES;
				CLANG_WARN_OBJC_ROOT_CLASS = YES_ERROR;
				CLANG_WARN_RANGE_LOOP_ANALYSIS = YES;
				CLANG_WARN_STRICT_PROTOTYPES = YES;
				CLANG_WARN_SUSPICIOUS_MOVE = YES;
				CLANG_WARN_UNGUARDED_AVAILABILITY = YES_AGGRESSIVE;
				CLANG_WARN_UNREACHABLE_CODE = YES;
				CLANG_WARN__DUPLICATE_METHOD_MATCH = YES;
				COPY_PHASE_STRIP = NO;
				DEBUG_INFORMATION_FORMAT = "dwarf-with-dsym";
				ENABLE_NS_ASSERTIONS = NO;
				ENABLE_STRICT_OBJC_MSGSEND = YES;
				GCC_C_LANGUAGE_STANDARD = gnu11;
				GCC_NO_COMMON_BLOCKS = YES;
				GCC_WARN_64_TO_32_BIT_CONVERSION = YES;
				GCC_WARN_ABOUT_RETURN_TYPE = YES_ERROR;
				GCC_WARN_UNDECLARED_SELECTOR = YES;
				GCC_WARN_UNINITIALIZED_AUTOS = YES_AGGRESSIVE;
				GCC_WARN_UNUSED_FUNCTION = YES;
				GCC_WARN_UNUSED_VARIABLE = YES;
				IPHONEOS_DEPLOYMENT_TARGET = 13.6;
				MTL_ENABLE_DEBUG_INFO = NO;
				MTL_FAST_MATH = YES;
				SDKROOT = iphoneos;
				SWIFT_COMPILATION_MODE = wholemodule;
				SWIFT_OPTIMIZATION_LEVEL = "-O";
				VALIDATE_PRODUCT = YES;
			};
			name = Release;
		};
		84687C1D2528AC6B00AD4B84 /* Debug */ = {
			isa = XCBuildConfiguration;
			buildSettings = {
				ASSETCATALOG_COMPILER_APPICON_NAME = AppIcon;
				CODE_SIGN_STYLE = Automatic;
				DEVELOPMENT_ASSET_PATHS = "\"Shop/Preview Content\"";
				DEVELOPMENT_TEAM = WR7NNB87D5;
				ENABLE_PREVIEWS = YES;
				INFOPLIST_FILE = Shop/Info.plist;
				LD_RUNPATH_SEARCH_PATHS = (
					"$(inherited)",
					"@executable_path/Frameworks",
				);
				PRODUCT_BUNDLE_IDENTIFIER = dev.rapidi.Shop;
				PRODUCT_NAME = "$(TARGET_NAME)";
				SWIFT_VERSION = 5.0;
				TARGETED_DEVICE_FAMILY = "1,2";
			};
			name = Debug;
		};
		84687C1E2528AC6B00AD4B84 /* Release */ = {
			isa = XCBuildConfiguration;
			buildSettings = {
				ASSETCATALOG_COMPILER_APPICON_NAME = AppIcon;
				CODE_SIGN_STYLE = Automatic;
				DEVELOPMENT_ASSET_PATHS = "\"Shop/Preview Content\"";
				DEVELOPMENT_TEAM = WR7NNB87D5;
				ENABLE_PREVIEWS = YES;
				INFOPLIST_FILE = Shop/Info.plist;
				LD_RUNPATH_SEARCH_PATHS = (
					"$(inherited)",
					"@executable_path/Frameworks",
				);
				PRODUCT_BUNDLE_IDENTIFIER = dev.rapidi.Shop;
				PRODUCT_NAME = "$(TARGET_NAME)";
				SWIFT_VERSION = 5.0;
				TARGETED_DEVICE_FAMILY = "1,2";
			};
			name = Release;
		};
/* End XCBuildConfiguration section */

/* Begin XCConfigurationList section */
		84687C032528AC5F00AD4B84 /* Build configuration list for PBXProject "Shop" */ = {
			isa = XCConfigurationList;
			buildConfigurations = (
				84687C1A2528AC6B00AD4B84 /* Debug */,
				84687C1B2528AC6B00AD4B84 /* Release */,
			);
			defaultConfigurationIsVisible = 0;
			defaultConfigurationName = Release;
		};
		84687C1C2528AC6B00AD4B84 /* Build configuration list for PBXNativeTarget "Shop" */ = {
			isa = XCConfigurationList;
			buildConfigurations = (
				84687C1D2528AC6B00AD4B84 /* Debug */,
				84687C1E2528AC6B00AD4B84 /* Release */,
			);
			defaultConfigurationIsVisible = 0;
			defaultConfigurationName = Release;
		};
/* End XCConfigurationList section */
	};
	rootObject = 84687C002528AC5F00AD4B84 /* Project object */;
}
